// !$*UTF8*$!
{
	archiveVersion = 1;
	classes = {
	};
	objectVersion = 50;
	objects = {

/* Begin PBXBuildFile section */
		4B4FAEA1229EE44A00576C5E /* AppDelegate.swift in Sources */ = {isa = PBXBuildFile; fileRef = 4B4FAEA0229EE44A00576C5E /* AppDelegate.swift */; };
		4B4FAEA3229EE44A00576C5E /* ViewController.swift in Sources */ = {isa = PBXBuildFile; fileRef = 4B4FAEA2229EE44A00576C5E /* ViewController.swift */; };
		4B4FAEA6229EE44A00576C5E /* Main.storyboard in Resources */ = {isa = PBXBuildFile; fileRef = 4B4FAEA4229EE44A00576C5E /* Main.storyboard */; };
		4B4FAEAB229EE44B00576C5E /* LaunchScreen.storyboard in Resources */ = {isa = PBXBuildFile; fileRef = 4B4FAEA9229EE44B00576C5E /* LaunchScreen.storyboard */; };
		4B4FAEBD229EEBBF00576C5E /* KSClockView.swift in Sources */ = {isa = PBXBuildFile; fileRef = 4B4FAEBC229EEBBF00576C5E /* KSClockView.swift */; };
		4B4FAEBF229EEBCD00576C5E /* KSClockView.xib in Resources */ = {isa = PBXBuildFile; fileRef = 4B4FAEBE229EEBCD00576C5E /* KSClockView.xib */; };
		4BCA466022A6CB20005C12AE /* KSClockView.bundle in Resources */ = {isa = PBXBuildFile; fileRef = 4B4FAEB9229EEB3B00576C5E /* KSClockView.bundle */; };
		4BCA466222A6DD01005C12AE /* Images.xcassets in Resources */ = {isa = PBXBuildFile; fileRef = 4BCA466122A6DD01005C12AE /* Images.xcassets */; };
/* End PBXBuildFile section */

/* Begin PBXFileReference section */
		4B4FAE9D229EE44A00576C5E /* Demo.app */ = {isa = PBXFileReference; explicitFileType = wrapper.application; includeInIndex = 0; path = Demo.app; sourceTree = BUILT_PRODUCTS_DIR; };
		4B4FAEA0229EE44A00576C5E /* AppDelegate.swift */ = {isa = PBXFileReference; lastKnownFileType = sourcecode.swift; path = AppDelegate.swift; sourceTree = "<group>"; };
		4B4FAEA2229EE44A00576C5E /* ViewController.swift */ = {isa = PBXFileReference; lastKnownFileType = sourcecode.swift; path = ViewController.swift; sourceTree = "<group>"; };
		4B4FAEA5229EE44A00576C5E /* Base */ = {isa = PBXFileReference; lastKnownFileType = file.storyboard; name = Base; path = Base.lproj/Main.storyboard; sourceTree = "<group>"; };
		4B4FAEAA229EE44B00576C5E /* Base */ = {isa = PBXFileReference; lastKnownFileType = file.storyboard; name = Base; path = Base.lproj/LaunchScreen.storyboard; sourceTree = "<group>"; };
		4B4FAEAC229EE44B00576C5E /* Info.plist */ = {isa = PBXFileReference; lastKnownFileType = text.plist.xml; path = Info.plist; sourceTree = "<group>"; };
		4B4FAEB9229EEB3B00576C5E /* KSClockView.bundle */ = {isa = PBXFileReference; lastKnownFileType = "wrapper.plug-in"; path = KSClockView.bundle; sourceTree = "<group>"; };
		4B4FAEBC229EEBBF00576C5E /* KSClockView.swift */ = {isa = PBXFileReference; lastKnownFileType = sourcecode.swift; path = KSClockView.swift; sourceTree = "<group>"; };
		4B4FAEBE229EEBCD00576C5E /* KSClockView.xib */ = {isa = PBXFileReference; lastKnownFileType = file.xib; path = KSClockView.xib; sourceTree = "<group>"; };
		4BCA466122A6DD01005C12AE /* Images.xcassets */ = {isa = PBXFileReference; lastKnownFileType = folder.assetcatalog; path = Images.xcassets; sourceTree = "<group>"; };
/* End PBXFileReference section */

/* Begin PBXFrameworksBuildPhase section */
		4B4FAE9A229EE44A00576C5E /* Frameworks */ = {
			isa = PBXFrameworksBuildPhase;
			buildActionMask = 2147483647;
			files = (
			);
			runOnlyForDeploymentPostprocessing = 0;
		};
/* End PBXFrameworksBuildPhase section */

/* Begin PBXGroup section */
		4B4FAE94229EE44A00576C5E = {
			isa = PBXGroup;
			children = (
				4B4FAE9F229EE44A00576C5E /* Demo */,
				4B4FAE9E229EE44A00576C5E /* Products */,
			);
			sourceTree = "<group>";
		};
		4B4FAE9E229EE44A00576C5E /* Products */ = {
			isa = PBXGroup;
			children = (
				4B4FAE9D229EE44A00576C5E /* Demo.app */,
			);
			name = Products;
			sourceTree = "<group>";
		};
		4B4FAE9F229EE44A00576C5E /* Demo */ = {
			isa = PBXGroup;
			children = (
				4B4FAEB6229EEB2E00576C5E /* Classes */,
				4B4FAEB9229EEB3B00576C5E /* KSClockView.bundle */,
				4B4FAEA0229EE44A00576C5E /* AppDelegate.swift */,
				4B4FAEA2229EE44A00576C5E /* ViewController.swift */,
				4B4FAEA4229EE44A00576C5E /* Main.storyboard */,
				4B4FAEA9229EE44B00576C5E /* LaunchScreen.storyboard */,
				4B4FAEAC229EE44B00576C5E /* Info.plist */,
				4BCA466122A6DD01005C12AE /* Images.xcassets */,
			);
			path = Demo;
			sourceTree = "<group>";
		};
		4B4FAEB6229EEB2E00576C5E /* Classes */ = {
			isa = PBXGroup;
			children = (
				4B4FAEBC229EEBBF00576C5E /* KSClockView.swift */,
				4B4FAEBE229EEBCD00576C5E /* KSClockView.xib */,
			);
			name = Classes;
			path = ../../Classes;
			sourceTree = "<group>";
		};
/* End PBXGroup section */

/* Begin PBXNativeTarget section */
		4B4FAE9C229EE44A00576C5E /* Demo */ = {
			isa = PBXNativeTarget;
			buildConfigurationList = 4B4FAEAF229EE44B00576C5E /* Build configuration list for PBXNativeTarget "Demo" */;
			buildPhases = (
				4B4FAE99229EE44A00576C5E /* Sources */,
				4B4FAE9A229EE44A00576C5E /* Frameworks */,
				4B4FAE9B229EE44A00576C5E /* Resources */,
			);
			buildRules = (
			);
			dependencies = (
			);
			name = Demo;
			productName = Demo;
			productReference = 4B4FAE9D229EE44A00576C5E /* Demo.app */;
			productType = "com.apple.product-type.application";
		};
/* End PBXNativeTarget section */

/* Begin PBXProject section */
		4B4FAE95229EE44A00576C5E /* Project object */ = {
			isa = PBXProject;
			attributes = {
				LastSwiftUpdateCheck = 1020;
				LastUpgradeCheck = 1020;
				ORGANIZATIONNAME = "Kevin Sum";
				TargetAttributes = {
					4B4FAE9C229EE44A00576C5E = {
						CreatedOnToolsVersion = 10.2.1;
					};
				};
			};
			buildConfigurationList = 4B4FAE98229EE44A00576C5E /* Build configuration list for PBXProject "Demo" */;
			compatibilityVersion = "Xcode 9.3";
			developmentRegion = en;
			hasScannedForEncodings = 0;
			knownRegions = (
				en,
				Base,
			);
			mainGroup = 4B4FAE94229EE44A00576C5E;
			productRefGroup = 4B4FAE9E229EE44A00576C5E /* Products */;
			projectDirPath = "";
			projectRoot = "";
			targets = (
				4B4FAE9C229EE44A00576C5E /* Demo */,
			);
		};
/* End PBXProject section */

/* Begin PBXResourcesBuildPhase section */
		4B4FAE9B229EE44A00576C5E /* Resources */ = {
			isa = PBXResourcesBuildPhase;
			buildActionMask = 2147483647;
			files = (
				4B4FAEAB229EE44B00576C5E /* LaunchScreen.storyboard in Resources */,
				4BCA466222A6DD01005C12AE /* Images.xcassets in Resources */,
				4B4FAEBF229EEBCD00576C5E /* KSClockView.xib in Resources */,
				4B4FAEA6229EE44A00576C5E /* Main.storyboard in Resources */,
				4BCA466022A6CB20005C12AE /* KSClockView.bundle in Resources */,
			);
			runOnlyForDeploymentPostprocessing = 0;
		};
/* End PBXResourcesBuildPhase section */

/* Begin PBXSourcesBuildPhase section */
		4B4FAE99229EE44A00576C5E /* Sources */ = {
			isa = PBXSourcesBuildPhase;
			buildActionMask = 2147483647;
			files = (
				4B4FAEBD229EEBBF00576C5E /* KSClockView.swift in Sources */,
				4B4FAEA3229EE44A00576C5E /* ViewController.swift in Sources */,
				4B4FAEA1229EE44A00576C5E /* AppDelegate.swift in Sources */,
			);
			runOnlyForDeploymentPostprocessing = 0;
		};
/* End PBXSourcesBuildPhase section */

/* Begin PBXVariantGroup section */
		4B4FAEA4229EE44A00576C5E /* Main.storyboard */ = {
			isa = PBXVariantGroup;
			children = (
				4B4FAEA5229EE44A00576C5E /* Base */,
			);
			name = Main.storyboard;
			sourceTree = "<group>";
		};
		4B4FAEA9229EE44B00576C5E /* LaunchScreen.storyboard */ = {
			isa = PBXVariantGroup;
			children = (
				4B4FAEAA229EE44B00576C5E /* Base */,
			);
			name = LaunchScreen.storyboard;
			sourceTree = "<group>";
		};
/* End PBXVariantGroup section */

/* Begin XCBuildConfiguration section */
		4B4FAEAD229EE44B00576C5E /* Debug */ = {
			isa = XCBuildConfiguration;
			buildSettings = {
				ALWAYS_SEARCH_USER_PATHS = NO;
				CLANG_ANALYZER_NONNULL = YES;
				CLANG_ANALYZER_NUMBER_OBJECT_CONVERSION = YES_AGGRESSIVE;
				CLANG_CXX_LANGUAGE_STANDARD = "gnu++14";
				CLANG_CXX_LIBRARY = "libc++";
				CLANG_ENABLE_MODULES = YES;
				CLANG_ENABLE_OBJC_ARC = YES;
				CLANG_ENABLE_OBJC_WEAK = YES;
				CLANG_WARN_BLOCK_CAPTURE_AUTORELEASING = YES;
				CLANG_WARN_BOOL_CONVERSION = YES;
				CLANG_WARN_COMMA = YES;
				CLANG_WARN_CONSTANT_CONVERSION = YES;
				CLANG_WARN_DEPRECATED_OBJC_IMPLEMENTATIONS = YES;
				CLANG_WARN_DIRECT_OBJC_ISA_USAGE = YES_ERROR;
				CLANG_WARN_DOCUMENTATION_COMMENTS = YES;
				CLANG_WARN_EMPTY_BODY = YES;
				CLANG_WARN_ENUM_CONVERSION = YES;
				CLANG_WARN_INFINITE_RECURSION = YES;
				CLANG_WARN_INT_CONVERSION = YES;
				CLANG_WARN_NON_LITERAL_NULL_CONVERSION = YES;
				CLANG_WARN_OBJC_IMPLICIT_RETAIN_SELF = YES;
				CLANG_WARN_OBJC_LITERAL_CONVERSION = YES;
				CLANG_WARN_OBJC_ROOT_CLASS = YES_ERROR;
				CLANG_WARN_RANGE_LOOP_ANALYSIS = YES;
				CLANG_WARN_STRICT_PROTOTYPES = YES;
				CLANG_WARN_SUSPICIOUS_MOVE = YES;
				CLANG_WARN_UNGUARDED_AVAILABILITY = YES_AGGRESSIVE;
				CLANG_WARN_UNREACHABLE_CODE = YES;
				CLANG_WARN__DUPLICATE_METHOD_MATCH = YES;
				CODE_SIGN_IDENTITY = "iPhone Developer";
				COPY_PHASE_STRIP = NO;
				DEBUG_INFORMATION_FORMAT = dwarf;
				ENABLE_STRICT_OBJC_MSGSEND = YES;
				ENABLE_TESTABILITY = YES;
				GCC_C_LANGUAGE_STANDARD = gnu11;
				GCC_DYNAMIC_NO_PIC = NO;
				GCC_NO_COMMON_BLOCKS = YES;
				GCC_OPTIMIZATION_LEVEL = 0;
				GCC_PREPROCESSOR_DEFINITIONS = (
					"DEBUG=1",
					"$(inherited)",
				);
				GCC_WARN_64_TO_32_BIT_CONVERSION = YES;
				GCC_WARN_ABOUT_RETURN_TYPE = YES_ERROR;
				GCC_WARN_UNDECLARED_SELECTOR = YES;
				GCC_WARN_UNINITIALIZED_AUTOS = YES_AGGRESSIVE;
				GCC_WARN_UNUSED_FUNCTION = YES;
				GCC_WARN_UNUSED_VARIABLE = YES;
				IPHONEOS_DEPLOYMENT_TARGET = 12.2;
				MTL_ENABLE_DEBUG_INFO = INCLUDE_SOURCE;
				MTL_FAST_MATH = YES;
				ONLY_ACTIVE_ARCH = YES;
				SDKROOT = iphoneos;
				SWIFT_ACTIVE_COMPILATION_CONDITIONS = DEBUG;
				SWIFT_OPTIMIZATION_LEVEL = "-Onone";
			};
			name = Debug;
		};
		4B4FAEAE229EE44B00576C5E /* Release */ = {
			isa = XCBuildConfiguration;
			buildSettings = {
				ALWAYS_SEARCH_USER_PATHS = NO;
				CLANG_ANALYZER_NONNULL = YES;
				CLANG_ANALYZER_NUMBER_OBJECT_CONVERSION = YES_AGGRESSIVE;
				CLANG_CXX_LANGUAGE_STANDARD = "gnu++14";
				CLANG_CXX_LIBRARY = "libc++";
				CLANG_ENABLE_MODULES = YES;
				CLANG_ENABLE_OBJC_ARC = YES;
				CLANG_ENABLE_OBJC_WEAK = YES;
				CLANG_WARN_BLOCK_CAPTURE_AUTORELEASING = YES;
				CLANG_WARN_BOOL_CONVERSION = YES;
				CLANG_WARN_COMMA = YES;
				CLANG_WARN_CONSTANT_CONVERSION = YES;
				CLANG_WARN_DEPRECATED_OBJC_IMPLEMENTATIONS = YES;
				CLANG_WARN_DIRECT_OBJC_ISA_USAGE = YES_ERROR;
				CLANG_WARN_DOCUMENTATION_COMMENTS = YES;
				CLANG_WARN_EMPTY_BODY = YES;
				CLANG_WARN_ENUM_CONVERSION = YES;
				CLANG_WARN_INFINITE_RECURSION = YES;
				CLANG_WARN_INT_CONVERSION = YES;
				CLANG_WARN_NON_LITERAL_NULL_CONVERSION = YES;
				CLANG_WARN_OBJC_IMPLICIT_RETAIN_SELF = YES;
				CLANG_WARN_OBJC_LITERAL_CONVERSION = YES;
				CLANG_WARN_OBJC_ROOT_CLASS = YES_ERROR;
				CLANG_WARN_RANGE_LOOP_ANALYSIS = YES;
				CLANG_WARN_STRICT_PROTOTYPES = YES;
				CLANG_WARN_SUSPICIOUS_MOVE = YES;
				CLANG_WARN_UNGUARDED_AVAILABILITY = YES_AGGRESSIVE;
				CLANG_WARN_UNREACHABLE_CODE = YES;
				CLANG_WARN__DUPLICATE_METHOD_MATCH = YES;
				CODE_SIGN_IDENTITY = "iPhone Developer";
				COPY_PHASE_STRIP = NO;
				DEBUG_INFORMATION_FORMAT = "dwarf-with-dsym";
				ENABLE_NS_ASSERTIONS = NO;
				ENABLE_STRICT_OBJC_MSGSEND = YES;
				GCC_C_LANGUAGE_STANDARD = gnu11;
				GCC_NO_COMMON_BLOCKS = YES;
				GCC_WARN_64_TO_32_BIT_CONVERSION = YES;
				GCC_WARN_ABOUT_RETURN_TYPE = YES_ERROR;
				GCC_WARN_UNDECLARED_SELECTOR = YES;
				GCC_WARN_UNINITIALIZED_AUTOS = YES_AGGRESSIVE;
				GCC_WARN_UNUSED_FUNCTION = YES;
				GCC_WARN_UNUSED_VARIABLE = YES;
				IPHONEOS_DEPLOYMENT_TARGET = 12.2;
				MTL_ENABLE_DEBUG_INFO = NO;
				MTL_FAST_MATH = YES;
				SDKROOT = iphoneos;
				SWIFT_COMPILATION_MODE = wholemodule;
				SWIFT_OPTIMIZATION_LEVEL = "-O";
				VALIDATE_PRODUCT = YES;
			};
			name = Release;
		};
		4B4FAEB0229EE44B00576C5E /* Debug */ = {
			isa = XCBuildConfiguration;
			buildSettings = {
				ASSETCATALOG_COMPILER_APPICON_NAME = AppIcon;
				CODE_SIGN_STYLE = Automatic;
				DEVELOPMENT_TEAM = L83GZJQVEH;
				INFOPLIST_FILE = Demo/Info.plist;
				LD_RUNPATH_SEARCH_PATHS = (
					"$(inherited)",
					"@executable_path/Frameworks",
				);
				PRODUCT_BUNDLE_IDENTIFIER = com.ksclockview.Demo;
				PRODUCT_NAME = "$(TARGET_NAME)";
				SWIFT_VERSION = 5.0;
				TARGETED_DEVICE_FAMILY = "1,2";
			};
			name = Debug;
		};
		4B4FAEB1229EE44B00576C5E /* Release */ = {
			isa = XCBuildConfiguration;
			buildSettings = {
				ASSETCATALOG_COMPILER_APPICON_NAME = AppIcon;
				CODE_SIGN_STYLE = Automatic;
				DEVELOPMENT_TEAM = L83GZJQVEH;
				INFOPLIST_FILE = Demo/Info.plist;
				LD_RUNPATH_SEARCH_PATHS = (
					"$(inherited)",
					"@executable_path/Frameworks",
				);
				PRODUCT_BUNDLE_IDENTIFIER = com.ksclockview.Demo;
				PRODUCT_NAME = "$(TARGET_NAME)";
				SWIFT_VERSION = 5.0;
				TARGETED_DEVICE_FAMILY = "1,2";
			};
			name = Release;
		};
/* End XCBuildConfiguration section */

/* Begin XCConfigurationList section */
		4B4FAE98229EE44A00576C5E /* Build configuration list for PBXProject "Demo" */ = {
			isa = XCConfigurationList;
			buildConfigurations = (
				4B4FAEAD229EE44B00576C5E /* Debug */,
				4B4FAEAE229EE44B00576C5E /* Release */,
			);
			defaultConfigurationIsVisible = 0;
			defaultConfigurationName = Release;
		};
		4B4FAEAF229EE44B00576C5E /* Build configuration list for PBXNativeTarget "Demo" */ = {
			isa = XCConfigurationList;
			buildConfigurations = (
				4B4FAEB0229EE44B00576C5E /* Debug */,
				4B4FAEB1229EE44B00576C5E /* Release */,
			);
			defaultConfigurationIsVisible = 0;
			defaultConfigurationName = Release;
		};
/* End XCConfigurationList section */
	};
	rootObject = 4B4FAE95229EE44A00576C5E /* Project object */;
}
